
Microsoft Visual Studio Solution File, Format Version 12.00
# Visual Studio Version 16
VisualStudioVersion = 16.0.30011.22
MinimumVisualStudioVersion = 10.0.40219.1
Project("{9A19103F-16F7-4668-BE54-9A1E7A4F7556}") = "EmailService", "EmailService\EmailService.csproj", "{1F83C383-BAB8-498E-9C5A-C2AC2C289BA9}"
EndProject
Project("{9A19103F-16F7-4668-BE54-9A1E7A4F7556}") = "Core", "Core\Core.csproj", "{CFA92AAB-88D1-428C-8FDB-A4C06F2DC3D5}"
EndProject
Project("{9A19103F-16F7-4668-BE54-9A1E7A4F7556}") = "WebAPI", "WebAPI\WebAPI.csproj", "{24D5EEFB-DA74-4F3C-B3B0-8747B435C632}"
EndProject
Project("{9A19103F-16F7-4668-BE54-9A1E7A4F7556}") = "UAM", "UAM\UAM.csproj", "{3F2B69CF-F912-4DF1-BBF8-64B2ED8FA1C1}"
EndProject
Project("{FAE04EC0-301F-11D3-BF4B-00C04F79EFBC}") = "BusDomainCore", "BusDomainCore\BusDomainCore.csproj", "{6FDE0829-5CD1-42C6-A30B-C976AD6D3778}"
EndProject
Project("{FAE04EC0-301F-11D3-BF4B-00C04F79EFBC}") = "RabbitMqBus", "RabbitMqBus\RabbitMqBus.csproj", "{8E85D0DF-ABC6-4882-B097-4A35221AC2E9}"
EndProject
Project("{FAE04EC0-301F-11D3-BF4B-00C04F79EFBC}") = "IOC", "IOC\IOC.csproj", "{DB303EB3-A086-44BC-89C9-AA3281646246}"
EndProject
Project("{FAE04EC0-301F-11D3-BF4B-00C04F79EFBC}") = "BankingSolution", "BankingSolution\BankingSolution.csproj", "{7621975E-11C6-4A1C-9690-CABD211E80D5}"
EndProject
Project("{FAE04EC0-301F-11D3-BF4B-00C04F79EFBC}") = "BankingTransfer", "BankingTransfer\BankingTransfer.csproj", "{651A81E3-AA4C-4E9E-8037-CEFC81B29057}"
EndProject
Global
	GlobalSection(SolutionConfigurationPlatforms) = preSolution
		Debug|Any CPU = Debug|Any CPU
		Release|Any CPU = Release|Any CPU
	EndGlobalSection
	GlobalSection(ProjectConfigurationPlatforms) = postSolution
		{1F83C383-BAB8-498E-9C5A-C2AC2C289BA9}.Debug|Any CPU.ActiveCfg = Debug|Any CPU
		{1F83C383-BAB8-498E-9C5A-C2AC2C289BA9}.Debug|Any CPU.Build.0 = Debug|Any CPU
		{1F83C383-BAB8-498E-9C5A-C2AC2C289BA9}.Release|Any CPU.ActiveCfg = Release|Any CPU
		{1F83C383-BAB8-498E-9C5A-C2AC2C289BA9}.Release|Any CPU.Build.0 = Release|Any CPU
		{CFA92AAB-88D1-428C-8FDB-A4C06F2DC3D5}.Debug|Any CPU.ActiveCfg = Debug|Any CPU
		{CFA92AAB-88D1-428C-8FDB-A4C06F2DC3D5}.Debug|Any CPU.Build.0 = Debug|Any CPU
		{CFA92AAB-88D1-428C-8FDB-A4C06F2DC3D5}.Release|Any CPU.ActiveCfg = Release|Any CPU
		{CFA92AAB-88D1-428C-8FDB-A4C06F2DC3D5}.Release|Any CPU.Build.0 = Release|Any CPU
		{24D5EEFB-DA74-4F3C-B3B0-8747B435C632}.Debug|Any CPU.ActiveCfg = Debug|Any CPU
		{24D5EEFB-DA74-4F3C-B3B0-8747B435C632}.Debug|Any CPU.Build.0 = Debug|Any CPU
		{24D5EEFB-DA74-4F3C-B3B0-8747B435C632}.Release|Any CPU.ActiveCfg = Release|Any CPU
		{24D5EEFB-DA74-4F3C-B3B0-8747B435C632}.Release|Any CPU.Build.0 = Release|Any CPU
		{3F2B69CF-F912-4DF1-BBF8-64B2ED8FA1C1}.Debug|Any CPU.ActiveCfg = Debug|Any CPU
		{3F2B69CF-F912-4DF1-BBF8-64B2ED8FA1C1}.Debug|Any CPU.Build.0 = Debug|Any CPU
		{3F2B69CF-F912-4DF1-BBF8-64B2ED8FA1C1}.Release|Any CPU.ActiveCfg = Release|Any CPU
		{3F2B69CF-F912-4DF1-BBF8-64B2ED8FA1C1}.Release|Any CPU.Build.0 = Release|Any CPU
		{6FDE0829-5CD1-42C6-A30B-C976AD6D3778}.Debug|Any CPU.ActiveCfg = Debug|Any CPU
		{6FDE0829-5CD1-42C6-A30B-C976AD6D3778}.Debug|Any CPU.Build.0 = Debug|Any CPU
		{6FDE0829-5CD1-42C6-A30B-C976AD6D3778}.Release|Any CPU.ActiveCfg = Release|Any CPU
		{6FDE0829-5CD1-42C6-A30B-C976AD6D3778}.Release|Any CPU.Build.0 = Release|Any CPU
		{8E85D0DF-ABC6-4882-B097-4A35221AC2E9}.Debug|Any CPU.ActiveCfg = Debug|Any CPU
		{8E85D0DF-ABC6-4882-B097-4A35221AC2E9}.Debug|Any CPU.Build.0 = Debug|Any CPU
		{8E85D0DF-ABC6-4882-B097-4A35221AC2E9}.Release|Any CPU.ActiveCfg = Release|Any CPU
		{8E85D0DF-ABC6-4882-B097-4A35221AC2E9}.Release|Any CPU.Build.0 = Release|Any CPU
		{DB303EB3-A086-44BC-89C9-AA3281646246}.Debug|Any CPU.ActiveCfg = Debug|Any CPU
		{DB303EB3-A086-44BC-89C9-AA3281646246}.Debug|Any CPU.Build.0 = Debug|Any CPU
		{DB303EB3-A086-44BC-89C9-AA3281646246}.Release|Any CPU.ActiveCfg = Release|Any CPU
		{DB303EB3-A086-44BC-89C9-AA3281646246}.Release|Any CPU.Build.0 = Release|Any CPU
		{7621975E-11C6-4A1C-9690-CABD211E80D5}.Debug|Any CPU.ActiveCfg = Debug|Any CPU
		{7621975E-11C6-4A1C-9690-CABD211E80D5}.Debug|Any CPU.Build.0 = Debug|Any CPU
		{7621975E-11C6-4A1C-9690-CABD211E80D5}.Release|Any CPU.ActiveCfg = Release|Any CPU
		{7621975E-11C6-4A1C-9690-CABD211E80D5}.Release|Any CPU.Build.0 = Release|Any CPU
		{651A81E3-AA4C-4E9E-8037-CEFC81B29057}.Debug|Any CPU.ActiveCfg = Debug|Any CPU
		{651A81E3-AA4C-4E9E-8037-CEFC81B29057}.Debug|Any CPU.Build.0 = Debug|Any CPU
		{651A81E3-AA4C-4E9E-8037-CEFC81B29057}.Release|Any CPU.ActiveCfg = Release|Any CPU
		{651A81E3-AA4C-4E9E-8037-CEFC81B29057}.Release|Any CPU.Build.0 = Release|Any CPU
	EndGlobalSection
	GlobalSection(SolutionProperties) = preSolution
		HideSolutionNode = FALSE
	EndGlobalSection
	GlobalSection(ExtensibilityGlobals) = postSolution
		SolutionGuid = {BEC9D61C-7C97-48A8-B73B-5CED233F09C6}
	EndGlobalSection
EndGlobal
